lockfileVersion: '6.0'

settings:
  autoInstallPeers: true
  excludeLinksFromLockfile: false

devDependencies:
  husky:
    specifier: ^8.0.0
    version: 8.0.0

packages:

  /husky@8.0.0:
    resolution: {integrity: sha512-4qbE/5dzNDNxFEkX9MNRPKl5+omTXQzdILCUWiqG/lWIAioiM5vln265/l6I2Zx8gpW8l1ukZwGQeCFbBZ6+6w==}
    engines: {node: '>=14'}
    hasBin: true
    dev: true
